
Microsoft Visual Studio Solution File, Format Version 11.00
# Visual Studio 2010
Project("{FAE04EC0-301F-11D3-BF4B-00C04F79EFBC}") = "HoloHack", "Assembly-CSharp.csproj", "{C598F65E-1A66-D0F9-05DD-E3878BAE1C13}"
EndProject
Project("{FAE04EC0-301F-11D3-BF4B-00C04F79EFBC}") = "HoloHack", "Assembly-CSharp-Editor.csproj", "{BA8AD2F6-C7FB-4912-29F5-5A5A28623134}"
EndProject
Global
	GlobalSection(SolutionConfigurationPlatforms) = preSolution
		Debug|Any CPU = Debug|Any CPU
		Release|Any CPU = Release|Any CPU
	EndGlobalSection
	GlobalSection(ProjectConfigurationPlatforms) = postSolution
		{C598F65E-1A66-D0F9-05DD-E3878BAE1C13}.Debug|Any CPU.ActiveCfg = Debug|Any CPU
		{C598F65E-1A66-D0F9-05DD-E3878BAE1C13}.Debug|Any CPU.Build.0 = Debug|Any CPU
		{C598F65E-1A66-D0F9-05DD-E3878BAE1C13}.Release|Any CPU.ActiveCfg = Release|Any CPU
		{C598F65E-1A66-D0F9-05DD-E3878BAE1C13}.Release|Any CPU.Build.0 = Release|Any CPU
		{BA8AD2F6-C7FB-4912-29F5-5A5A28623134}.Debug|Any CPU.ActiveCfg = Debug|Any CPU
		{BA8AD2F6-C7FB-4912-29F5-5A5A28623134}.Debug|Any CPU.Build.0 = Debug|Any CPU
		{BA8AD2F6-C7FB-4912-29F5-5A5A28623134}.Release|Any CPU.ActiveCfg = Release|Any CPU
		{BA8AD2F6-C7FB-4912-29F5-5A5A28623134}.Release|Any CPU.Build.0 = Release|Any CPU
	EndGlobalSection
	GlobalSection(SolutionProperties) = preSolution
		HideSolutionNode = FALSE
	EndGlobalSection
	GlobalSection(MonoDevelopProperties) = preSolution
		StartupItem = Assembly-CSharp.csproj
	EndGlobalSection
EndGlobal
